// !$*UTF8*$!
{
	archiveVersion = 1;
	classes = {
	};
	objectVersion = 77;
	objects = {

/* Begin PBXBuildFile section */
		639D22DA2F3AD76B00736E5E /* ContactDTO.swift in Sources */ = {isa = PBXBuildFile; fileRef = 639D22D92F3AD76B00736E5E /* ContactDTO.swift */; };
		639D22DC2F3AD79500736E5E /* ContactsService.swift in Sources */ = {isa = PBXBuildFile; fileRef = 639D22DB2F3AD79500736E5E /* ContactsService.swift */; };
		639D22DE2F3AD7AA00736E5E /* ContactsTestView.swift in Sources */ = {isa = PBXBuildFile; fileRef = 639D22DD2F3AD7AA00736E5E /* ContactsTestView.swift */; };
		63ADAE922F3ACC010008C58D /* SAMModelContainer.swift in Sources */ = {isa = PBXBuildFile; fileRef = 63ADAE282F3ACC010008C58D /* SAMModelContainer.swift */; };
		63ADAEC92F3ACC010008C58D /* Assets.xcassets in Resources */ = {isa = PBXBuildFile; fileRef = 63ADAE252F3ACC010008C58D /* Assets.xcassets */; };
		63ADAF892F3ACDA40008C58D /* AppShellView.swift in Sources */ = {isa = PBXBuildFile; fileRef = 63ADAF1D2F3ACDA40008C58D /* AppShellView.swift */; };
		63ADAFA12F3ACDA40008C58D /* DevLogStore.swift in Sources */ = {isa = PBXBuildFile; fileRef = 63ADAF7D2F3ACDA40008C58D /* DevLogStore.swift */; };
		63ADAFAA2F3ACDA40008C58D /* PeopleRepository.swift in Sources */ = {isa = PBXBuildFile; fileRef = 63ADAF222F3ACDA40008C58D /* PeopleRepository.swift */; };
		63ADAFAF2F3ACDA40008C58D /* PermissionsManager.swift in Sources */ = {isa = PBXBuildFile; fileRef = 63ADAF232F3ACDA40008C58D /* PermissionsManager.swift */; };
		63ADAFE42F3ACDA50008C58D /* SAMApp.swift in Sources */ = {isa = PBXBuildFile; fileRef = 63ADAF262F3ACDA40008C58D /* SAMApp.swift */; };
		63ADAFE82F3ACDA50008C58D /* EvidenceRepository.swift in Sources */ = {isa = PBXBuildFile; fileRef = 63ADAF202F3ACDA40008C58D /* EvidenceRepository.swift */; };
		63ADAFE92F3ACDA50008C58D /* SettingsView.swift in Sources */ = {isa = PBXBuildFile; fileRef = 63ADAF272F3ACDA40008C58D /* SettingsView.swift */; };
		63ADB0272F3AD18C0008C58D /* SAMModels.swift in Sources */ = {isa = PBXBuildFile; fileRef = 63ADAF152F3ACDA40008C58D /* SAMModels.swift */; };
		63ADB0292F3AD3300008C58D /* SAMModels-Supporting.swift in Sources */ = {isa = PBXBuildFile; fileRef = 63ADB0282F3AD3300008C58D /* SAMModels-Supporting.swift */; };
		63ADB02B2F3AD33F0008C58D /* SAMModels-Notes.swift in Sources */ = {isa = PBXBuildFile; fileRef = 63ADB02A2F3AD33F0008C58D /* SAMModels-Notes.swift */; };
/* End PBXBuildFile section */

/* Begin PBXContainerItemProxy section */
		63B0A3D22F2EC49A00D87E2F /* PBXContainerItemProxy */ = {
			isa = PBXContainerItemProxy;
			containerPortal = 63B0A3BC2F2EC49800D87E2F /* Project object */;
			proxyType = 1;
			remoteGlobalIDString = 63B0A3C32F2EC49800D87E2F;
			remoteInfo = SAM_crm;
		};
		63B0A3DC2F2EC49A00D87E2F /* PBXContainerItemProxy */ = {
			isa = PBXContainerItemProxy;
			containerPortal = 63B0A3BC2F2EC49800D87E2F /* Project object */;
			proxyType = 1;
			remoteGlobalIDString = 63B0A3C32F2EC49800D87E2F;
			remoteInfo = SAM_crm;
		};
/* End PBXContainerItemProxy section */

/* Begin PBXFileReference section */
		639D22D92F3AD76B00736E5E /* ContactDTO.swift */ = {isa = PBXFileReference; lastKnownFileType = sourcecode.swift; path = ContactDTO.swift; sourceTree = "<group>"; };
		639D22DB2F3AD79500736E5E /* ContactsService.swift */ = {isa = PBXFileReference; lastKnownFileType = sourcecode.swift; path = ContactsService.swift; sourceTree = "<group>"; };
		639D22DD2F3AD7AA00736E5E /* ContactsTestView.swift */ = {isa = PBXFileReference; lastKnownFileType = sourcecode.swift; path = ContactsTestView.swift; sourceTree = "<group>"; };
		63ADAE252F3ACC010008C58D /* Assets.xcassets */ = {isa = PBXFileReference; lastKnownFileType = folder.assetcatalog; path = Assets.xcassets; sourceTree = "<group>"; };
		63ADAE262F3ACC010008C58D /* SAM_crm.entitlements */ = {isa = PBXFileReference; lastKnownFileType = text.plist.entitlements; path = SAM_crm.entitlements; sourceTree = "<group>"; };
		63ADAE282F3ACC010008C58D /* SAMModelContainer.swift */ = {isa = PBXFileReference; lastKnownFileType = sourcecode.swift; path = SAMModelContainer.swift; sourceTree = "<group>"; };
		63ADAF152F3ACDA40008C58D /* SAMModels.swift */ = {isa = PBXFileReference; lastKnownFileType = sourcecode.swift; path = SAMModels.swift; sourceTree = "<group>"; };
		63ADAF1D2F3ACDA40008C58D /* AppShellView.swift */ = {isa = PBXFileReference; lastKnownFileType = sourcecode.swift; path = AppShellView.swift; sourceTree = "<group>"; };
		63ADAF202F3ACDA40008C58D /* EvidenceRepository.swift */ = {isa = PBXFileReference; lastKnownFileType = sourcecode.swift; path = EvidenceRepository.swift; sourceTree = "<group>"; };
		63ADAF222F3ACDA40008C58D /* PeopleRepository.swift */ = {isa = PBXFileReference; lastKnownFileType = sourcecode.swift; path = PeopleRepository.swift; sourceTree = "<group>"; };
		63ADAF232F3ACDA40008C58D /* PermissionsManager.swift */ = {isa = PBXFileReference; lastKnownFileType = sourcecode.swift; path = PermissionsManager.swift; sourceTree = "<group>"; };
		63ADAF262F3ACDA40008C58D /* SAMApp.swift */ = {isa = PBXFileReference; lastKnownFileType = sourcecode.swift; path = SAMApp.swift; sourceTree = "<group>"; };
		63ADAF272F3ACDA40008C58D /* SettingsView.swift */ = {isa = PBXFileReference; lastKnownFileType = sourcecode.swift; path = SettingsView.swift; sourceTree = "<group>"; };
		63ADAF7D2F3ACDA40008C58D /* DevLogStore.swift */ = {isa = PBXFileReference; lastKnownFileType = sourcecode.swift; path = DevLogStore.swift; sourceTree = "<group>"; };
		63ADB0282F3AD3300008C58D /* SAMModels-Supporting.swift */ = {isa = PBXFileReference; lastKnownFileType = sourcecode.swift; path = "SAMModels-Supporting.swift"; sourceTree = "<group>"; };
		63ADB02A2F3AD33F0008C58D /* SAMModels-Notes.swift */ = {isa = PBXFileReference; lastKnownFileType = sourcecode.swift; path = "SAMModels-Notes.swift"; sourceTree = "<group>"; };
		63B0A3C42F2EC49800D87E2F /* SAM_crm.app */ = {isa = PBXFileReference; explicitFileType = wrapper.application; includeInIndex = 0; path = SAM_crm.app; sourceTree = BUILT_PRODUCTS_DIR; };
		63B0A3D12F2EC49A00D87E2F /* SAM_crmTests.xctest */ = {isa = PBXFileReference; explicitFileType = wrapper.cfbundle; includeInIndex = 0; path = SAM_crmTests.xctest; sourceTree = BUILT_PRODUCTS_DIR; };
		63B0A3DB2F2EC49A00D87E2F /* SAM_crmUITests.xctest */ = {isa = PBXFileReference; explicitFileType = wrapper.cfbundle; includeInIndex = 0; path = SAM_crmUITests.xctest; sourceTree = BUILT_PRODUCTS_DIR; };
/* End PBXFileReference section */

/* Begin PBXFileSystemSynchronizedRootGroup section */
		63ADAF872F3ACDA40008C58D /* old_code */ = {
			isa = PBXFileSystemSynchronizedRootGroup;
			path = old_code;
			sourceTree = "<group>";
		};
		63B0A3D42F2EC49A00D87E2F /* SAM_crmTests */ = {
			isa = PBXFileSystemSynchronizedRootGroup;
			path = SAM_crmTests;
			sourceTree = "<group>";
		};
		63B0A3DE2F2EC49A00D87E2F /* SAM_crmUITests */ = {
			isa = PBXFileSystemSynchronizedRootGroup;
			path = SAM_crmUITests;
			sourceTree = "<group>";
		};
		63B0A5242F326CA700D87E2F /* .claude */ = {
			isa = PBXFileSystemSynchronizedRootGroup;
			path = .claude;
			sourceTree = "<group>";
		};
/* End PBXFileSystemSynchronizedRootGroup section */

/* Begin PBXFrameworksBuildPhase section */
		63B0A3C12F2EC49800D87E2F /* Frameworks */ = {
			isa = PBXFrameworksBuildPhase;
			buildActionMask = 2147483647;
			files = (
			);
			runOnlyForDeploymentPostprocessing = 0;
		};
		63B0A3CE2F2EC49A00D87E2F /* Frameworks */ = {
			isa = PBXFrameworksBuildPhase;
			buildActionMask = 2147483647;
			files = (
			);
			runOnlyForDeploymentPostprocessing = 0;
		};
		63B0A3D82F2EC49A00D87E2F /* Frameworks */ = {
			isa = PBXFrameworksBuildPhase;
			buildActionMask = 2147483647;
			files = (
			);
			runOnlyForDeploymentPostprocessing = 0;
		};
/* End PBXFrameworksBuildPhase section */

/* Begin PBXGroup section */
		63ADAECA2F3ACC780008C58D /* App */ = {
			isa = PBXGroup;
			children = (
			);
			path = App;
			sourceTree = "<group>";
		};
		63ADAECB2F3ACC9E0008C58D /* SAM */ = {
			isa = PBXGroup;
			children = (
				63ADAE252F3ACC010008C58D /* Assets.xcassets */,
				63ADAE262F3ACC010008C58D /* SAM_crm.entitlements */,
				63ADAF262F3ACDA40008C58D /* SAMApp.swift */,
				63ADAE282F3ACC010008C58D /* SAMModelContainer.swift */,
				63ADAF872F3ACDA40008C58D /* old_code */,
				63ADAED82F3ACD800008C58D /* Utilities */,
				63ADAED22F3ACD370008C58D /* Views */,
				63ADAECF2F3ACD000008C58D /* Models */,
				63ADAECE2F3ACCE90008C58D /* Repositories */,
				63ADAECD2F3ACCD90008C58D /* Coordinators */,
				63ADAECC2F3ACCCF0008C58D /* Services */,
				63ADAECA2F3ACC780008C58D /* App */,
			);
			path = SAM;
			sourceTree = "<group>";
		};
		63ADAECC2F3ACCCF0008C58D /* Services */ = {
			isa = PBXGroup;
			children = (
				639D22DB2F3AD79500736E5E /* ContactsService.swift */,
				63ADAF232F3ACDA40008C58D /* PermissionsManager.swift */,
			);
			path = Services;
			sourceTree = "<group>";
		};
		63ADAECD2F3ACCD90008C58D /* Coordinators */ = {
			isa = PBXGroup;
			children = (
			);
			path = Coordinators;
			sourceTree = "<group>";
		};
		63ADAECE2F3ACCE90008C58D /* Repositories */ = {
			isa = PBXGroup;
			children = (
				63ADAF222F3ACDA40008C58D /* PeopleRepository.swift */,
				63ADAF202F3ACDA40008C58D /* EvidenceRepository.swift */,
			);
			path = Repositories;
			sourceTree = "<group>";
		};
		63ADAECF2F3ACD000008C58D /* Models */ = {
			isa = PBXGroup;
			children = (
				63ADAED12F3ACD190008C58D /* DTOs */,
				63ADAED02F3ACD0F0008C58D /* SwiftData */,
				63ADAF152F3ACDA40008C58D /* SAMModels.swift */,
				63ADB0282F3AD3300008C58D /* SAMModels-Supporting.swift */,
				63ADB02A2F3AD33F0008C58D /* SAMModels-Notes.swift */,
			);
			path = Models;
			sourceTree = "<group>";
		};
		63ADAED02F3ACD0F0008C58D /* SwiftData */ = {
			isa = PBXGroup;
			children = (
			);
			path = SwiftData;
			sourceTree = "<group>";
		};
		63ADAED12F3ACD190008C58D /* DTOs */ = {
			isa = PBXGroup;
			children = (
				639D22D92F3AD76B00736E5E /* ContactDTO.swift */,
			);
			path = DTOs;
			sourceTree = "<group>";
		};
		63ADAED22F3ACD370008C58D /* Views */ = {
			isa = PBXGroup;
			children = (
				63ADAED72F3ACD730008C58D /* Settings */,
				63ADAED62F3ACD680008C58D /* Awareness */,
				63ADAED52F3ACD5F0008C58D /* Contexts */,
				63ADAED42F3ACD4D0008C58D /* Inbox */,
				63ADAED32F3ACD420008C58D /* People */,
				63ADAF1D2F3ACDA40008C58D /* AppShellView.swift */,
			);
			path = Views;
			sourceTree = "<group>";
		};
		63ADAED32F3ACD420008C58D /* People */ = {
			isa = PBXGroup;
			children = (
				639D22DD2F3AD7AA00736E5E /* ContactsTestView.swift */,
			);
			path = People;
			sourceTree = "<group>";
		};
		63ADAED42F3ACD4D0008C58D /* Inbox */ = {
			isa = PBXGroup;
			children = (
			);
			path = Inbox;
			sourceTree = "<group>";
		};
		63ADAED52F3ACD5F0008C58D /* Contexts */ = {
			isa = PBXGroup;
			children = (
			);
			path = Contexts;
			sourceTree = "<group>";
		};
		63ADAED62F3ACD680008C58D /* Awareness */ = {
			isa = PBXGroup;
			children = (
			);
			path = Awareness;
			sourceTree = "<group>";
		};
		63ADAED72F3ACD730008C58D /* Settings */ = {
			isa = PBXGroup;
			children = (
				63ADAF272F3ACDA40008C58D /* SettingsView.swift */,
			);
			path = Settings;
			sourceTree = "<group>";
		};
		63ADAED82F3ACD800008C58D /* Utilities */ = {
			isa = PBXGroup;
			children = (
				63ADAF7D2F3ACDA40008C58D /* DevLogStore.swift */,
			);
			path = Utilities;
			sourceTree = "<group>";
		};
		63B0A3BB2F2EC49800D87E2F = {
			isa = PBXGroup;
			children = (
				63ADAECB2F3ACC9E0008C58D /* SAM */,
				63B0A5242F326CA700D87E2F /* .claude */,
				63B0A3D42F2EC49A00D87E2F /* SAM_crmTests */,
				63B0A3DE2F2EC49A00D87E2F /* SAM_crmUITests */,
				63B0A3C52F2EC49800D87E2F /* Products */,
			);
			sourceTree = "<group>";
		};
		63B0A3C52F2EC49800D87E2F /* Products */ = {
			isa = PBXGroup;
			children = (
				63B0A3C42F2EC49800D87E2F /* SAM_crm.app */,
				63B0A3D12F2EC49A00D87E2F /* SAM_crmTests.xctest */,
				63B0A3DB2F2EC49A00D87E2F /* SAM_crmUITests.xctest */,
			);
			name = Products;
			sourceTree = "<group>";
		};
/* End PBXGroup section */

/* Begin PBXNativeTarget section */
		63B0A3C32F2EC49800D87E2F /* SAM_crm */ = {
			isa = PBXNativeTarget;
			buildConfigurationList = 63B0A3E52F2EC49A00D87E2F /* Build configuration list for PBXNativeTarget "SAM_crm" */;
			buildPhases = (
				63B0A3C02F2EC49800D87E2F /* Sources */,
				63B0A3C12F2EC49800D87E2F /* Frameworks */,
				63B0A3C22F2EC49800D87E2F /* Resources */,
			);
			buildRules = (
			);
			dependencies = (
			);
			fileSystemSynchronizedGroups = (
				63B0A5242F326CA700D87E2F /* .claude */,
			);
			name = SAM_crm;
			packageProductDependencies = (
			);
			productName = SAM_crm;
			productReference = 63B0A3C42F2EC49800D87E2F /* SAM_crm.app */;
			productType = "com.apple.product-type.application";
		};
		63B0A3D02F2EC49A00D87E2F /* SAM_crmTests */ = {
			isa = PBXNativeTarget;
			buildConfigurationList = 63B0A3E82F2EC49A00D87E2F /* Build configuration list for PBXNativeTarget "SAM_crmTests" */;
			buildPhases = (
				63B0A3CD2F2EC49A00D87E2F /* Sources */,
				63B0A3CE2F2EC49A00D87E2F /* Frameworks */,
				63B0A3CF2F2EC49A00D87E2F /* Resources */,
			);
			buildRules = (
			);
			dependencies = (
				63B0A3D32F2EC49A00D87E2F /* PBXTargetDependency */,
			);
			fileSystemSynchronizedGroups = (
				63B0A3D42F2EC49A00D87E2F /* SAM_crmTests */,
			);
			name = SAM_crmTests;
			packageProductDependencies = (
			);
			productName = SAM_crmTests;
			productReference = 63B0A3D12F2EC49A00D87E2F /* SAM_crmTests.xctest */;
			productType = "com.apple.product-type.bundle.unit-test";
		};
		63B0A3DA2F2EC49A00D87E2F /* SAM_crmUITests */ = {
			isa = PBXNativeTarget;
			buildConfigurationList = 63B0A3EB2F2EC49A00D87E2F /* Build configuration list for PBXNativeTarget "SAM_crmUITests" */;
			buildPhases = (
				63B0A3D72F2EC49A00D87E2F /* Sources */,
				63B0A3D82F2EC49A00D87E2F /* Frameworks */,
				63B0A3D92F2EC49A00D87E2F /* Resources */,
			);
			buildRules = (
			);
			dependencies = (
				63B0A3DD2F2EC49A00D87E2F /* PBXTargetDependency */,
			);
			fileSystemSynchronizedGroups = (
				63B0A3DE2F2EC49A00D87E2F /* SAM_crmUITests */,
			);
			name = SAM_crmUITests;
			packageProductDependencies = (
			);
			productName = SAM_crmUITests;
			productReference = 63B0A3DB2F2EC49A00D87E2F /* SAM_crmUITests.xctest */;
			productType = "com.apple.product-type.bundle.ui-testing";
		};
/* End PBXNativeTarget section */

/* Begin PBXProject section */
		63B0A3BC2F2EC49800D87E2F /* Project object */ = {
			isa = PBXProject;
			attributes = {
				BuildIndependentTargetsInParallel = 1;
				LastSwiftUpdateCheck = 2620;
				LastUpgradeCheck = 2620;
				TargetAttributes = {
					63B0A3C32F2EC49800D87E2F = {
						CreatedOnToolsVersion = 26.2;
					};
					63B0A3D02F2EC49A00D87E2F = {
						CreatedOnToolsVersion = 26.2;
						TestTargetID = 63B0A3C32F2EC49800D87E2F;
					};
					63B0A3DA2F2EC49A00D87E2F = {
						CreatedOnToolsVersion = 26.2;
						TestTargetID = 63B0A3C32F2EC49800D87E2F;
					};
				};
			};
			buildConfigurationList = 63B0A3BF2F2EC49800D87E2F /* Build configuration list for PBXProject "SAM_crm" */;
			developmentRegion = en;
			hasScannedForEncodings = 0;
			knownRegions = (
				en,
				Base,
			);
			mainGroup = 63B0A3BB2F2EC49800D87E2F;
			minimizedProjectReferenceProxies = 1;
			preferredProjectObjectVersion = 77;
			productRefGroup = 63B0A3C52F2EC49800D87E2F /* Products */;
			projectDirPath = "";
			projectRoot = "";
			targets = (
				63B0A3C32F2EC49800D87E2F /* SAM_crm */,
				63B0A3D02F2EC49A00D87E2F /* SAM_crmTests */,
				63B0A3DA2F2EC49A00D87E2F /* SAM_crmUITests */,
			);
		};
/* End PBXProject section */

/* Begin PBXResourcesBuildPhase section */
		63B0A3C22F2EC49800D87E2F /* Resources */ = {
			isa = PBXResourcesBuildPhase;
			buildActionMask = 2147483647;
			files = (
				63ADAEC92F3ACC010008C58D /* Assets.xcassets in Resources */,
			);
			runOnlyForDeploymentPostprocessing = 0;
		};
		63B0A3CF2F2EC49A00D87E2F /* Resources */ = {
			isa = PBXResourcesBuildPhase;
			buildActionMask = 2147483647;
			files = (
			);
			runOnlyForDeploymentPostprocessing = 0;
		};
		63B0A3D92F2EC49A00D87E2F /* Resources */ = {
			isa = PBXResourcesBuildPhase;
			buildActionMask = 2147483647;
			files = (
			);
			runOnlyForDeploymentPostprocessing = 0;
		};
/* End PBXResourcesBuildPhase section */

/* Begin PBXSourcesBuildPhase section */
		63B0A3C02F2EC49800D87E2F /* Sources */ = {
			isa = PBXSourcesBuildPhase;
			buildActionMask = 2147483647;
			files = (
				63ADAFA12F3ACDA40008C58D /* DevLogStore.swift in Sources */,
				63ADB02B2F3AD33F0008C58D /* SAMModels-Notes.swift in Sources */,
				63ADAFE42F3ACDA50008C58D /* SAMApp.swift in Sources */,
				63ADAE922F3ACC010008C58D /* SAMModelContainer.swift in Sources */,
				639D22DC2F3AD79500736E5E /* ContactsService.swift in Sources */,
				63ADB0272F3AD18C0008C58D /* SAMModels.swift in Sources */,
				63ADAFE92F3ACDA50008C58D /* SettingsView.swift in Sources */,
				639D22DA2F3AD76B00736E5E /* ContactDTO.swift in Sources */,
				63ADAF892F3ACDA40008C58D /* AppShellView.swift in Sources */,
				63ADAFE82F3ACDA50008C58D /* EvidenceRepository.swift in Sources */,
				63ADAFAF2F3ACDA40008C58D /* PermissionsManager.swift in Sources */,
				639D22DE2F3AD7AA00736E5E /* ContactsTestView.swift in Sources */,
				63ADB0292F3AD3300008C58D /* SAMModels-Supporting.swift in Sources */,
				63ADAFAA2F3ACDA40008C58D /* PeopleRepository.swift in Sources */,
			);
			runOnlyForDeploymentPostprocessing = 0;
		};
		63B0A3CD2F2EC49A00D87E2F /* Sources */ = {
			isa = PBXSourcesBuildPhase;
			buildActionMask = 2147483647;
			files = (
			);
			runOnlyForDeploymentPostprocessing = 0;
		};
		63B0A3D72F2EC49A00D87E2F /* Sources */ = {
			isa = PBXSourcesBuildPhase;
			buildActionMask = 2147483647;
			files = (
			);
			runOnlyForDeploymentPostprocessing = 0;
		};
/* End PBXSourcesBuildPhase section */

/* Begin PBXTargetDependency section */
		63B0A3D32F2EC49A00D87E2F /* PBXTargetDependency */ = {
			isa = PBXTargetDependency;
			target = 63B0A3C32F2EC49800D87E2F /* SAM_crm */;
			targetProxy = 63B0A3D22F2EC49A00D87E2F /* PBXContainerItemProxy */;
		};
		63B0A3DD2F2EC49A00D87E2F /* PBXTargetDependency */ = {
			isa = PBXTargetDependency;
			target = 63B0A3C32F2EC49800D87E2F /* SAM_crm */;
			targetProxy = 63B0A3DC2F2EC49A00D87E2F /* PBXContainerItemProxy */;
		};
/* End PBXTargetDependency section */

/* Begin XCBuildConfiguration section */
		63B0A3E32F2EC49A00D87E2F /* Debug */ = {
			isa = XCBuildConfiguration;
			buildSettings = {
				ALWAYS_SEARCH_USER_PATHS = NO;
				ASSETCATALOG_COMPILER_GENERATE_SWIFT_ASSET_SYMBOL_EXTENSIONS = YES;
				CLANG_ANALYZER_NONNULL = YES;
				CLANG_ANALYZER_NUMBER_OBJECT_CONVERSION = YES_AGGRESSIVE;
				CLANG_CXX_LANGUAGE_STANDARD = "gnu++20";
				CLANG_ENABLE_MODULES = YES;
				CLANG_ENABLE_OBJC_ARC = YES;
				CLANG_ENABLE_OBJC_WEAK = YES;
				CLANG_WARN_BLOCK_CAPTURE_AUTORELEASING = YES;
				CLANG_WARN_BOOL_CONVERSION = YES;
				CLANG_WARN_COMMA = YES;
				CLANG_WARN_CONSTANT_CONVERSION = YES;
				CLANG_WARN_DEPRECATED_OBJC_IMPLEMENTATIONS = YES;
				CLANG_WARN_DIRECT_OBJC_ISA_USAGE = YES_ERROR;
				CLANG_WARN_DOCUMENTATION_COMMENTS = YES;
				CLANG_WARN_EMPTY_BODY = YES;
				CLANG_WARN_ENUM_CONVERSION = YES;
				CLANG_WARN_INFINITE_RECURSION = YES;
				CLANG_WARN_INT_CONVERSION = YES;
				CLANG_WARN_NON_LITERAL_NULL_CONVERSION = YES;
				CLANG_WARN_OBJC_IMPLICIT_RETAIN_SELF = YES;
				CLANG_WARN_OBJC_LITERAL_CONVERSION = YES;
				CLANG_WARN_OBJC_ROOT_CLASS = YES_ERROR;
				CLANG_WARN_QUOTED_INCLUDE_IN_FRAMEWORK_HEADER = YES;
				CLANG_WARN_RANGE_LOOP_ANALYSIS = YES;
				CLANG_WARN_STRICT_PROTOTYPES = YES;
				CLANG_WARN_SUSPICIOUS_MOVE = YES;
				CLANG_WARN_UNGUARDED_AVAILABILITY = YES_AGGRESSIVE;
				CLANG_WARN_UNREACHABLE_CODE = YES;
				CLANG_WARN__DUPLICATE_METHOD_MATCH = YES;
				CODE_SIGN_ENTITLEMENTS = SAM_crm.entitlements;
				COPY_PHASE_STRIP = NO;
				DEBUG_INFORMATION_FORMAT = dwarf;
				ENABLE_STRICT_OBJC_MSGSEND = YES;
				ENABLE_TESTABILITY = YES;
				ENABLE_USER_SCRIPT_SANDBOXING = YES;
				GCC_C_LANGUAGE_STANDARD = gnu17;
				GCC_DYNAMIC_NO_PIC = NO;
				GCC_NO_COMMON_BLOCKS = YES;
				GCC_OPTIMIZATION_LEVEL = 0;
				GCC_PREPROCESSOR_DEFINITIONS = (
					"DEBUG=1",
					"$(inherited)",
				);
				GCC_WARN_64_TO_32_BIT_CONVERSION = YES;
				GCC_WARN_ABOUT_RETURN_TYPE = YES_ERROR;
				GCC_WARN_UNDECLARED_SELECTOR = YES;
				GCC_WARN_UNINITIALIZED_AUTOS = YES_AGGRESSIVE;
				GCC_WARN_UNUSED_FUNCTION = YES;
				GCC_WARN_UNUSED_VARIABLE = YES;
				LOCALIZATION_PREFERS_STRING_CATALOGS = YES;
				MACOSX_DEPLOYMENT_TARGET = 26.2;
				MTL_ENABLE_DEBUG_INFO = INCLUDE_SOURCE;
				MTL_FAST_MATH = YES;
				ONLY_ACTIVE_ARCH = YES;
				SDKROOT = macosx;
				SWIFT_ACTIVE_COMPILATION_CONDITIONS = "DEBUG $(inherited)";
				SWIFT_OPTIMIZATION_LEVEL = "-Onone";
			};
			name = Debug;
		};
		63B0A3E42F2EC49A00D87E2F /* Release */ = {
			isa = XCBuildConfiguration;
			buildSettings = {
				ALWAYS_SEARCH_USER_PATHS = NO;
				ASSETCATALOG_COMPILER_GENERATE_SWIFT_ASSET_SYMBOL_EXTENSIONS = YES;
				CLANG_ANALYZER_NONNULL = YES;
				CLANG_ANALYZER_NUMBER_OBJECT_CONVERSION = YES_AGGRESSIVE;
				CLANG_CXX_LANGUAGE_STANDARD = "gnu++20";
				CLANG_ENABLE_MODULES = YES;
				CLANG_ENABLE_OBJC_ARC = YES;
				CLANG_ENABLE_OBJC_WEAK = YES;
				CLANG_WARN_BLOCK_CAPTURE_AUTORELEASING = YES;
				CLANG_WARN_BOOL_CONVERSION = YES;
				CLANG_WARN_COMMA = YES;
				CLANG_WARN_CONSTANT_CONVERSION = YES;
				CLANG_WARN_DEPRECATED_OBJC_IMPLEMENTATIONS = YES;
				CLANG_WARN_DIRECT_OBJC_ISA_USAGE = YES_ERROR;
				CLANG_WARN_DOCUMENTATION_COMMENTS = YES;
				CLANG_WARN_EMPTY_BODY = YES;
				CLANG_WARN_ENUM_CONVERSION = YES;
				CLANG_WARN_INFINITE_RECURSION = YES;
				CLANG_WARN_INT_CONVERSION = YES;
				CLANG_WARN_NON_LITERAL_NULL_CONVERSION = YES;
				CLANG_WARN_OBJC_IMPLICIT_RETAIN_SELF = YES;
				CLANG_WARN_OBJC_LITERAL_CONVERSION = YES;
				CLANG_WARN_OBJC_ROOT_CLASS = YES_ERROR;
				CLANG_WARN_QUOTED_INCLUDE_IN_FRAMEWORK_HEADER = YES;
				CLANG_WARN_RANGE_LOOP_ANALYSIS = YES;
				CLANG_WARN_STRICT_PROTOTYPES = YES;
				CLANG_WARN_SUSPICIOUS_MOVE = YES;
				CLANG_WARN_UNGUARDED_AVAILABILITY = YES_AGGRESSIVE;
				CLANG_WARN_UNREACHABLE_CODE = YES;
				CLANG_WARN__DUPLICATE_METHOD_MATCH = YES;
				CODE_SIGN_ENTITLEMENTS = SAM_crm.entitlements;
				COPY_PHASE_STRIP = NO;
				DEBUG_INFORMATION_FORMAT = "dwarf-with-dsym";
				ENABLE_NS_ASSERTIONS = NO;
				ENABLE_STRICT_OBJC_MSGSEND = YES;
				ENABLE_USER_SCRIPT_SANDBOXING = YES;
				GCC_C_LANGUAGE_STANDARD = gnu17;
				GCC_NO_COMMON_BLOCKS = YES;
				GCC_WARN_64_TO_32_BIT_CONVERSION = YES;
				GCC_WARN_ABOUT_RETURN_TYPE = YES_ERROR;
				GCC_WARN_UNDECLARED_SELECTOR = YES;
				GCC_WARN_UNINITIALIZED_AUTOS = YES_AGGRESSIVE;
				GCC_WARN_UNUSED_FUNCTION = YES;
				GCC_WARN_UNUSED_VARIABLE = YES;
				LOCALIZATION_PREFERS_STRING_CATALOGS = YES;
				MACOSX_DEPLOYMENT_TARGET = 26.2;
				MTL_ENABLE_DEBUG_INFO = NO;
				MTL_FAST_MATH = YES;
				SDKROOT = macosx;
				SWIFT_COMPILATION_MODE = wholemodule;
			};
			name = Release;
		};
		63B0A3E62F2EC49A00D87E2F /* Debug */ = {
			isa = XCBuildConfiguration;
			buildSettings = {
				ASSETCATALOG_COMPILER_APPICON_NAME = AppIcon;
				ASSETCATALOG_COMPILER_GLOBAL_ACCENT_COLOR_NAME = AccentColor;
				CODE_SIGN_STYLE = Automatic;
				COMBINE_HIDPI_IMAGES = YES;
				CURRENT_PROJECT_VERSION = 1;
				ENABLE_APP_SANDBOX = YES;
				ENABLE_INCOMING_NETWORK_CONNECTIONS = NO;
				ENABLE_OUTGOING_NETWORK_CONNECTIONS = NO;
				ENABLE_PREVIEWS = YES;
				ENABLE_RESOURCE_ACCESS_AUDIO_INPUT = NO;
				ENABLE_RESOURCE_ACCESS_BLUETOOTH = NO;
				ENABLE_RESOURCE_ACCESS_CALENDARS = YES;
				ENABLE_RESOURCE_ACCESS_CAMERA = NO;
				ENABLE_RESOURCE_ACCESS_CONTACTS = YES;
				ENABLE_RESOURCE_ACCESS_LOCATION = NO;
				ENABLE_RESOURCE_ACCESS_PRINTING = NO;
				ENABLE_RESOURCE_ACCESS_USB = NO;
				ENABLE_USER_SELECTED_FILES = readwrite;
				GENERATE_INFOPLIST_FILE = YES;
				INFOPLIST_FILE = "SAM-crm-Info.plist";
				INFOPLIST_KEY_LSApplicationCategoryType = "";
				INFOPLIST_KEY_NSCalendarsFullAccessUsageDescription = "\"SAM reads events from the calendar you select to track meetings and reminders and to suggest follow-ups. SAM does not create or edit events without your action.\"";
				INFOPLIST_KEY_NSContactsUsageDescription = "“SAM uses Contacts as the source of names, relationships, contact details, and summary notes so you can link relationships and keep client records accurate. SAM does not modify Contacts without your action.”";
				INFOPLIST_KEY_NSHumanReadableCopyright = "";
				LD_RUNPATH_SEARCH_PATHS = (
					"$(inherited)",
					"@executable_path/../Frameworks",
				);
				MARKETING_VERSION = 1.0;
				PRODUCT_BUNDLE_IDENTIFIER = "davidsnyder.SAM-crm";
				PRODUCT_NAME = "$(TARGET_NAME)";
				REGISTER_APP_GROUPS = YES;
				STRING_CATALOG_GENERATE_SYMBOLS = YES;
				SWIFT_APPROACHABLE_CONCURRENCY = YES;
				SWIFT_DEFAULT_ACTOR_ISOLATION = MainActor;
				SWIFT_EMIT_LOC_STRINGS = YES;
				SWIFT_UPCOMING_FEATURE_MEMBER_IMPORT_VISIBILITY = YES;
				SWIFT_VERSION = 6.0;
			};
			name = Debug;
		};
		63B0A3E72F2EC49A00D87E2F /* Release */ = {
			isa = XCBuildConfiguration;
			buildSettings = {
				ASSETCATALOG_COMPILER_APPICON_NAME = AppIcon;
				ASSETCATALOG_COMPILER_GLOBAL_ACCENT_COLOR_NAME = AccentColor;
				CODE_SIGN_STYLE = Automatic;
				COMBINE_HIDPI_IMAGES = YES;
				CURRENT_PROJECT_VERSION = 1;
				ENABLE_APP_SANDBOX = YES;
				ENABLE_INCOMING_NETWORK_CONNECTIONS = NO;
				ENABLE_OUTGOING_NETWORK_CONNECTIONS = NO;
				ENABLE_PREVIEWS = YES;
				ENABLE_RESOURCE_ACCESS_AUDIO_INPUT = NO;
				ENABLE_RESOURCE_ACCESS_BLUETOOTH = NO;
				ENABLE_RESOURCE_ACCESS_CALENDARS = YES;
				ENABLE_RESOURCE_ACCESS_CAMERA = NO;
				ENABLE_RESOURCE_ACCESS_CONTACTS = YES;
				ENABLE_RESOURCE_ACCESS_LOCATION = NO;
				ENABLE_RESOURCE_ACCESS_PRINTING = NO;
				ENABLE_RESOURCE_ACCESS_USB = NO;
				ENABLE_USER_SELECTED_FILES = readwrite;
				GENERATE_INFOPLIST_FILE = YES;
				INFOPLIST_FILE = "SAM-crm-Info.plist";
				INFOPLIST_KEY_LSApplicationCategoryType = "";
				INFOPLIST_KEY_NSCalendarsFullAccessUsageDescription = "\"SAM reads events from the calendar you select to track meetings and reminders and to suggest follow-ups. SAM does not create or edit events without your action.\"";
				INFOPLIST_KEY_NSContactsUsageDescription = "“SAM uses Contacts as the source of names, relationships, contact details, and summary notes so you can link relationships and keep client records accurate. SAM does not modify Contacts without your action.”";
				INFOPLIST_KEY_NSHumanReadableCopyright = "";
				LD_RUNPATH_SEARCH_PATHS = (
					"$(inherited)",
					"@executable_path/../Frameworks",
				);
				MARKETING_VERSION = 1.0;
				PRODUCT_BUNDLE_IDENTIFIER = "davidsnyder.SAM-crm";
				PRODUCT_NAME = "$(TARGET_NAME)";
				REGISTER_APP_GROUPS = YES;
				STRING_CATALOG_GENERATE_SYMBOLS = YES;
				SWIFT_APPROACHABLE_CONCURRENCY = YES;
				SWIFT_DEFAULT_ACTOR_ISOLATION = MainActor;
				SWIFT_EMIT_LOC_STRINGS = YES;
				SWIFT_UPCOMING_FEATURE_MEMBER_IMPORT_VISIBILITY = YES;
				SWIFT_VERSION = 6.0;
			};
			name = Release;
		};
		63B0A3E92F2EC49A00D87E2F /* Debug */ = {
			isa = XCBuildConfiguration;
			buildSettings = {
				BUNDLE_LOADER = "$(TEST_HOST)";
				CODE_SIGN_STYLE = Automatic;
				CURRENT_PROJECT_VERSION = 1;
				GENERATE_INFOPLIST_FILE = YES;
				MACOSX_DEPLOYMENT_TARGET = 26.2;
				MARKETING_VERSION = 1.0;
				PRODUCT_BUNDLE_IDENTIFIER = "davidsnyder.SAM-crmTests";
				PRODUCT_NAME = "$(TARGET_NAME)";
				STRING_CATALOG_GENERATE_SYMBOLS = NO;
				SWIFT_APPROACHABLE_CONCURRENCY = YES;
				SWIFT_EMIT_LOC_STRINGS = NO;
				SWIFT_UPCOMING_FEATURE_MEMBER_IMPORT_VISIBILITY = YES;
				SWIFT_VERSION = 5.0;
				TEST_HOST = "$(BUILT_PRODUCTS_DIR)/SAM_crm.app/$(BUNDLE_EXECUTABLE_FOLDER_PATH)/SAM_crm";
			};
			name = Debug;
		};
		63B0A3EA2F2EC49A00D87E2F /* Release */ = {
			isa = XCBuildConfiguration;
			buildSettings = {
				BUNDLE_LOADER = "$(TEST_HOST)";
				CODE_SIGN_STYLE = Automatic;
				CURRENT_PROJECT_VERSION = 1;
				GENERATE_INFOPLIST_FILE = YES;
				MACOSX_DEPLOYMENT_TARGET = 26.2;
				MARKETING_VERSION = 1.0;
				PRODUCT_BUNDLE_IDENTIFIER = "davidsnyder.SAM-crmTests";
				PRODUCT_NAME = "$(TARGET_NAME)";
				STRING_CATALOG_GENERATE_SYMBOLS = NO;
				SWIFT_APPROACHABLE_CONCURRENCY = YES;
				SWIFT_EMIT_LOC_STRINGS = NO;
				SWIFT_UPCOMING_FEATURE_MEMBER_IMPORT_VISIBILITY = YES;
				SWIFT_VERSION = 5.0;
				TEST_HOST = "$(BUILT_PRODUCTS_DIR)/SAM_crm.app/$(BUNDLE_EXECUTABLE_FOLDER_PATH)/SAM_crm";
			};
			name = Release;
		};
		63B0A3EC2F2EC49A00D87E2F /* Debug */ = {
			isa = XCBuildConfiguration;
			buildSettings = {
				CODE_SIGN_STYLE = Automatic;
				CURRENT_PROJECT_VERSION = 1;
				GENERATE_INFOPLIST_FILE = YES;
				MARKETING_VERSION = 1.0;
				PRODUCT_BUNDLE_IDENTIFIER = "davidsnyder.SAM-crmUITests";
				PRODUCT_NAME = "$(TARGET_NAME)";
				STRING_CATALOG_GENERATE_SYMBOLS = NO;
				SWIFT_APPROACHABLE_CONCURRENCY = YES;
				SWIFT_EMIT_LOC_STRINGS = NO;
				SWIFT_UPCOMING_FEATURE_MEMBER_IMPORT_VISIBILITY = YES;
				SWIFT_VERSION = 5.0;
				TEST_TARGET_NAME = SAM_crm;
			};
			name = Debug;
		};
		63B0A3ED2F2EC49A00D87E2F /* Release */ = {
			isa = XCBuildConfiguration;
			buildSettings = {
				CODE_SIGN_STYLE = Automatic;
				CURRENT_PROJECT_VERSION = 1;
				GENERATE_INFOPLIST_FILE = YES;
				MARKETING_VERSION = 1.0;
				PRODUCT_BUNDLE_IDENTIFIER = "davidsnyder.SAM-crmUITests";
				PRODUCT_NAME = "$(TARGET_NAME)";
				STRING_CATALOG_GENERATE_SYMBOLS = NO;
				SWIFT_APPROACHABLE_CONCURRENCY = YES;
				SWIFT_EMIT_LOC_STRINGS = NO;
				SWIFT_UPCOMING_FEATURE_MEMBER_IMPORT_VISIBILITY = YES;
				SWIFT_VERSION = 5.0;
				TEST_TARGET_NAME = SAM_crm;
			};
			name = Release;
		};
/* End XCBuildConfiguration section */

/* Begin XCConfigurationList section */
		63B0A3BF2F2EC49800D87E2F /* Build configuration list for PBXProject "SAM_crm" */ = {
			isa = XCConfigurationList;
			buildConfigurations = (
				63B0A3E32F2EC49A00D87E2F /* Debug */,
				63B0A3E42F2EC49A00D87E2F /* Release */,
			);
			defaultConfigurationIsVisible = 0;
			defaultConfigurationName = Release;
		};
		63B0A3E52F2EC49A00D87E2F /* Build configuration list for PBXNativeTarget "SAM_crm" */ = {
			isa = XCConfigurationList;
			buildConfigurations = (
				63B0A3E62F2EC49A00D87E2F /* Debug */,
				63B0A3E72F2EC49A00D87E2F /* Release */,
			);
			defaultConfigurationIsVisible = 0;
			defaultConfigurationName = Release;
		};
		63B0A3E82F2EC49A00D87E2F /* Build configuration list for PBXNativeTarget "SAM_crmTests" */ = {
			isa = XCConfigurationList;
			buildConfigurations = (
				63B0A3E92F2EC49A00D87E2F /* Debug */,
				63B0A3EA2F2EC49A00D87E2F /* Release */,
			);
			defaultConfigurationIsVisible = 0;
			defaultConfigurationName = Release;
		};
		63B0A3EB2F2EC49A00D87E2F /* Build configuration list for PBXNativeTarget "SAM_crmUITests" */ = {
			isa = XCConfigurationList;
			buildConfigurations = (
				63B0A3EC2F2EC49A00D87E2F /* Debug */,
				63B0A3ED2F2EC49A00D87E2F /* Release */,
			);
			defaultConfigurationIsVisible = 0;
			defaultConfigurationName = Release;
		};
/* End XCConfigurationList section */
	};
	rootObject = 63B0A3BC2F2EC49800D87E2F /* Project object */;
}
